// !$*UTF8*$!
{
	archiveVersion = 1;
	classes = {
	};
	objectVersion = 50;
	objects = {

/* Begin PBXBuildFile section */
		240931D9233C75CC002C1D4F /* TodoAddControllerView.swift in Sources */ = {isa = PBXBuildFile; fileRef = 240931D8233C75CC002C1D4F /* TodoAddControllerView.swift */; };
		240931DC233C8AFD002C1D4F /* TDEnum.swift in Sources */ = {isa = PBXBuildFile; fileRef = 240931DB233C8AFD002C1D4F /* TDEnum.swift */; };
		240931E1233CA0A9002C1D4F /* TodoTableViewCell.swift in Sources */ = {isa = PBXBuildFile; fileRef = 240931DF233CA0A9002C1D4F /* TodoTableViewCell.swift */; };
		240931E2233CA0A9002C1D4F /* TodoTableViewCell.xib in Resources */ = {isa = PBXBuildFile; fileRef = 240931E0233CA0A9002C1D4F /* TodoTableViewCell.xib */; };
		242CE475233AF91100A8FDBB /* TodoListViewController.swift in Sources */ = {isa = PBXBuildFile; fileRef = 242CE474233AF91100A8FDBB /* TodoListViewController.swift */; };
		242CE479233B088500A8FDBB /* TodoDetailViewController.swift in Sources */ = {isa = PBXBuildFile; fileRef = 242CE478233B088500A8FDBB /* TodoDetailViewController.swift */; };
		242CE47D233B300E00A8FDBB /* TodoViewModel.swift in Sources */ = {isa = PBXBuildFile; fileRef = 242CE47C233B300E00A8FDBB /* TodoViewModel.swift */; };
		242CE482233B328600A8FDBB /* DataService.swift in Sources */ = {isa = PBXBuildFile; fileRef = 242CE481233B328600A8FDBB /* DataService.swift */; };
		242CE486233B548100A8FDBB /* TodoListDelegate.swift in Sources */ = {isa = PBXBuildFile; fileRef = 242CE485233B548100A8FDBB /* TodoListDelegate.swift */; };
		24877C68233DA9730013D5B9 /* TodoServise.swift in Sources */ = {isa = PBXBuildFile; fileRef = 24877C67233DA9730013D5B9 /* TodoServise.swift */; };
		24BF03CA22D56F0400E054F6 /* AppDelegate.swift in Sources */ = {isa = PBXBuildFile; fileRef = 24BF03C922D56F0400E054F6 /* AppDelegate.swift */; };
		24BF03CF22D56F0400E054F6 /* Main.storyboard in Resources */ = {isa = PBXBuildFile; fileRef = 24BF03CD22D56F0400E054F6 /* Main.storyboard */; };
		24BF03D122D56F0500E054F6 /* Assets.xcassets in Resources */ = {isa = PBXBuildFile; fileRef = 24BF03D022D56F0500E054F6 /* Assets.xcassets */; };
		24BF03D422D56F0500E054F6 /* LaunchScreen.storyboard in Resources */ = {isa = PBXBuildFile; fileRef = 24BF03D222D56F0500E054F6 /* LaunchScreen.storyboard */; };
		24C1FAF422D814DD0054AF3D /* Todo.swift in Sources */ = {isa = PBXBuildFile; fileRef = 24C1FAF322D814DD0054AF3D /* Todo.swift */; };
/* End PBXBuildFile section */

/* Begin PBXFileReference section */
		240931D8233C75CC002C1D4F /* TodoAddControllerView.swift */ = {isa = PBXFileReference; lastKnownFileType = sourcecode.swift; path = TodoAddControllerView.swift; sourceTree = "<group>"; };
		240931DB233C8AFD002C1D4F /* TDEnum.swift */ = {isa = PBXFileReference; lastKnownFileType = sourcecode.swift; path = TDEnum.swift; sourceTree = "<group>"; };
		240931DF233CA0A9002C1D4F /* TodoTableViewCell.swift */ = {isa = PBXFileReference; lastKnownFileType = sourcecode.swift; path = TodoTableViewCell.swift; sourceTree = "<group>"; };
		240931E0233CA0A9002C1D4F /* TodoTableViewCell.xib */ = {isa = PBXFileReference; lastKnownFileType = file.xib; path = TodoTableViewCell.xib; sourceTree = "<group>"; };
		242CE474233AF91100A8FDBB /* TodoListViewController.swift */ = {isa = PBXFileReference; lastKnownFileType = sourcecode.swift; path = TodoListViewController.swift; sourceTree = "<group>"; };
		242CE478233B088500A8FDBB /* TodoDetailViewController.swift */ = {isa = PBXFileReference; lastKnownFileType = sourcecode.swift; path = TodoDetailViewController.swift; sourceTree = "<group>"; };
		242CE47C233B300E00A8FDBB /* TodoViewModel.swift */ = {isa = PBXFileReference; lastKnownFileType = sourcecode.swift; path = TodoViewModel.swift; sourceTree = "<group>"; };
		242CE481233B328600A8FDBB /* DataService.swift */ = {isa = PBXFileReference; lastKnownFileType = sourcecode.swift; path = DataService.swift; sourceTree = "<group>"; };
		242CE485233B548100A8FDBB /* TodoListDelegate.swift */ = {isa = PBXFileReference; lastKnownFileType = sourcecode.swift; path = TodoListDelegate.swift; sourceTree = "<group>"; };
		24877C67233DA9730013D5B9 /* TodoServise.swift */ = {isa = PBXFileReference; lastKnownFileType = sourcecode.swift; path = TodoServise.swift; sourceTree = "<group>"; };
		24BF03C622D56F0400E054F6 /* TodoList.app */ = {isa = PBXFileReference; explicitFileType = wrapper.application; includeInIndex = 0; path = TodoList.app; sourceTree = BUILT_PRODUCTS_DIR; };
		24BF03C922D56F0400E054F6 /* AppDelegate.swift */ = {isa = PBXFileReference; lastKnownFileType = sourcecode.swift; path = AppDelegate.swift; sourceTree = "<group>"; };
		24BF03CE22D56F0400E054F6 /* Base */ = {isa = PBXFileReference; lastKnownFileType = file.storyboard; name = Base; path = Base.lproj/Main.storyboard; sourceTree = "<group>"; };
		24BF03D022D56F0500E054F6 /* Assets.xcassets */ = {isa = PBXFileReference; lastKnownFileType = folder.assetcatalog; path = Assets.xcassets; sourceTree = "<group>"; };
		24BF03D322D56F0500E054F6 /* Base */ = {isa = PBXFileReference; lastKnownFileType = file.storyboard; name = Base; path = Base.lproj/LaunchScreen.storyboard; sourceTree = "<group>"; };
		24BF03D522D56F0500E054F6 /* Info.plist */ = {isa = PBXFileReference; lastKnownFileType = text.plist.xml; path = Info.plist; sourceTree = "<group>"; };
		24C1FAF322D814DD0054AF3D /* Todo.swift */ = {isa = PBXFileReference; lastKnownFileType = sourcecode.swift; path = Todo.swift; sourceTree = "<group>"; };
/* End PBXFileReference section */

/* Begin PBXFrameworksBuildPhase section */
		24BF03C322D56F0400E054F6 /* Frameworks */ = {
			isa = PBXFrameworksBuildPhase;
			buildActionMask = 2147483647;
			files = (
			);
			runOnlyForDeploymentPostprocessing = 0;
		};
/* End PBXFrameworksBuildPhase section */

/* Begin PBXGroup section */
		240931DE233CA087002C1D4F /* Cell */ = {
			isa = PBXGroup;
			children = (
				240931DF233CA0A9002C1D4F /* TodoTableViewCell.swift */,
				240931E0233CA0A9002C1D4F /* TodoTableViewCell.xib */,
			);
			path = Cell;
			sourceTree = "<group>";
		};
		242CE476233AF9D700A8FDBB /* Source */ = {
			isa = PBXGroup;
			children = (
				242CE477233AF9F300A8FDBB /* Model */,
				242CE47A233B2EDF00A8FDBB /* ViewModel */,
				242CE47B233B2EE700A8FDBB /* View */,
				242CE484233B544400A8FDBB /* Delegates */,
				242CE480233B327500A8FDBB /* Utils */,
			);
			path = Source;
			sourceTree = "<group>";
		};
		242CE477233AF9F300A8FDBB /* Model */ = {
			isa = PBXGroup;
			children = (
				24C1FAF322D814DD0054AF3D /* Todo.swift */,
				24877C67233DA9730013D5B9 /* TodoServise.swift */,
			);
			path = Model;
			sourceTree = "<group>";
		};
		242CE47A233B2EDF00A8FDBB /* ViewModel */ = {
			isa = PBXGroup;
			children = (
				242CE47C233B300E00A8FDBB /* TodoViewModel.swift */,
			);
			path = ViewModel;
			sourceTree = "<group>";
		};
		242CE47B233B2EE700A8FDBB /* View */ = {
			isa = PBXGroup;
			children = (
				240931DE233CA087002C1D4F /* Cell */,
				242CE474233AF91100A8FDBB /* TodoListViewController.swift */,
				242CE478233B088500A8FDBB /* TodoDetailViewController.swift */,
				240931D8233C75CC002C1D4F /* TodoAddControllerView.swift */,
				24BF03CD22D56F0400E054F6 /* Main.storyboard */,
			);
			path = View;
			sourceTree = "<group>";
		};
		242CE480233B327500A8FDBB /* Utils */ = {
			isa = PBXGroup;
			children = (
				242CE481233B328600A8FDBB /* DataService.swift */,
				240931DB233C8AFD002C1D4F /* TDEnum.swift */,
			);
			path = Utils;
			sourceTree = "<group>";
		};
		242CE484233B544400A8FDBB /* Delegates */ = {
			isa = PBXGroup;
			children = (
				242CE485233B548100A8FDBB /* TodoListDelegate.swift */,
			);
			path = Delegates;
			sourceTree = "<group>";
		};
		24BF03BD22D56F0400E054F6 = {
			isa = PBXGroup;
			children = (
				24BF03C822D56F0400E054F6 /* TodoList */,
				24BF03C722D56F0400E054F6 /* Products */,
			);
			sourceTree = "<group>";
		};
		24BF03C722D56F0400E054F6 /* Products */ = {
			isa = PBXGroup;
			children = (
				24BF03C622D56F0400E054F6 /* TodoList.app */,
			);
			name = Products;
			sourceTree = "<group>";
		};
		24BF03C822D56F0400E054F6 /* TodoList */ = {
			isa = PBXGroup;
			children = (
				242CE476233AF9D700A8FDBB /* Source */,
				24BF03C922D56F0400E054F6 /* AppDelegate.swift */,
				24BF03D022D56F0500E054F6 /* Assets.xcassets */,
				24BF03D222D56F0500E054F6 /* LaunchScreen.storyboard */,
				24BF03D522D56F0500E054F6 /* Info.plist */,
			);
			path = TodoList;
			sourceTree = "<group>";
		};
/* End PBXGroup section */

/* Begin PBXNativeTarget section */
		24BF03C522D56F0400E054F6 /* TodoList */ = {
			isa = PBXNativeTarget;
			buildConfigurationList = 24BF03D822D56F0500E054F6 /* Build configuration list for PBXNativeTarget "TodoList" */;
			buildPhases = (
				24BF03C222D56F0400E054F6 /* Sources */,
				24BF03C322D56F0400E054F6 /* Frameworks */,
				24BF03C422D56F0400E054F6 /* Resources */,
			);
			buildRules = (
			);
			dependencies = (
			);
			name = TodoList;
			productName = TodoList;
			productReference = 24BF03C622D56F0400E054F6 /* TodoList.app */;
			productType = "com.apple.product-type.application";
		};
/* End PBXNativeTarget section */

/* Begin PBXProject section */
		24BF03BE22D56F0400E054F6 /* Project object */ = {
			isa = PBXProject;
			attributes = {
				LastSwiftUpdateCheck = 1020;
				LastUpgradeCheck = 1020;
				ORGANIZATIONNAME = HyowonKim;
				TargetAttributes = {
					24BF03C522D56F0400E054F6 = {
						CreatedOnToolsVersion = 10.2.1;
					};
				};
			};
			buildConfigurationList = 24BF03C122D56F0400E054F6 /* Build configuration list for PBXProject "TodoList" */;
			compatibilityVersion = "Xcode 9.3";
			developmentRegion = en;
			hasScannedForEncodings = 0;
			knownRegions = (
				en,
				Base,
			);
			mainGroup = 24BF03BD22D56F0400E054F6;
			productRefGroup = 24BF03C722D56F0400E054F6 /* Products */;
			projectDirPath = "";
			projectRoot = "";
			targets = (
				24BF03C522D56F0400E054F6 /* TodoList */,
			);
		};
/* End PBXProject section */

/* Begin PBXResourcesBuildPhase section */
		24BF03C422D56F0400E054F6 /* Resources */ = {
			isa = PBXResourcesBuildPhase;
			buildActionMask = 2147483647;
			files = (
				24BF03D422D56F0500E054F6 /* LaunchScreen.storyboard in Resources */,
				24BF03D122D56F0500E054F6 /* Assets.xcassets in Resources */,
				24BF03CF22D56F0400E054F6 /* Main.storyboard in Resources */,
				240931E2233CA0A9002C1D4F /* TodoTableViewCell.xib in Resources */,
			);
			runOnlyForDeploymentPostprocessing = 0;
		};
/* End PBXResourcesBuildPhase section */

/* Begin PBXSourcesBuildPhase section */
		24BF03C222D56F0400E054F6 /* Sources */ = {
			isa = PBXSourcesBuildPhase;
			buildActionMask = 2147483647;
			files = (
				242CE475233AF91100A8FDBB /* TodoListViewController.swift in Sources */,
				240931E1233CA0A9002C1D4F /* TodoTableViewCell.swift in Sources */,
				242CE482233B328600A8FDBB /* DataService.swift in Sources */,
				24877C68233DA9730013D5B9 /* TodoServise.swift in Sources */,
				242CE479233B088500A8FDBB /* TodoDetailViewController.swift in Sources */,
				242CE486233B548100A8FDBB /* TodoListDelegate.swift in Sources */,
				240931D9233C75CC002C1D4F /* TodoAddControllerView.swift in Sources */,
				24C1FAF422D814DD0054AF3D /* Todo.swift in Sources */,
				242CE47D233B300E00A8FDBB /* TodoViewModel.swift in Sources */,
				24BF03CA22D56F0400E054F6 /* AppDelegate.swift in Sources */,
				240931DC233C8AFD002C1D4F /* TDEnum.swift in Sources */,
			);
			runOnlyForDeploymentPostprocessing = 0;
		};
/* End PBXSourcesBuildPhase section */

/* Begin PBXVariantGroup section */
		24BF03CD22D56F0400E054F6 /* Main.storyboard */ = {
			isa = PBXVariantGroup;
			children = (
				24BF03CE22D56F0400E054F6 /* Base */,
			);
			name = Main.storyboard;
			sourceTree = "<group>";
		};
		24BF03D222D56F0500E054F6 /* LaunchScreen.storyboard */ = {
			isa = PBXVariantGroup;
			children = (
				24BF03D322D56F0500E054F6 /* Base */,
			);
			name = LaunchScreen.storyboard;
			sourceTree = "<group>";
		};
/* End PBXVariantGroup section */

/* Begin XCBuildConfiguration section */
		24BF03D622D56F0500E054F6 /* Debug */ = {
			isa = XCBuildConfiguration;
			buildSettings = {
				ALWAYS_SEARCH_USER_PATHS = NO;
				CLANG_ANALYZER_NONNULL = YES;
				CLANG_ANALYZER_NUMBER_OBJECT_CONVERSION = YES_AGGRESSIVE;
				CLANG_CXX_LANGUAGE_STANDARD = "gnu++14";
				CLANG_CXX_LIBRARY = "libc++";
				CLANG_ENABLE_MODULES = YES;
				CLANG_ENABLE_OBJC_ARC = YES;
				CLANG_ENABLE_OBJC_WEAK = YES;
				CLANG_WARN_BLOCK_CAPTURE_AUTORELEASING = YES;
				CLANG_WARN_BOOL_CONVERSION = YES;
				CLANG_WARN_COMMA = YES;
				CLANG_WARN_CONSTANT_CONVERSION = YES;
				CLANG_WARN_DEPRECATED_OBJC_IMPLEMENTATIONS = YES;
				CLANG_WARN_DIRECT_OBJC_ISA_USAGE = YES_ERROR;
				CLANG_WARN_DOCUMENTATION_COMMENTS = YES;
				CLANG_WARN_EMPTY_BODY = YES;
				CLANG_WARN_ENUM_CONVERSION = YES;
				CLANG_WARN_INFINITE_RECURSION = YES;
				CLANG_WARN_INT_CONVERSION = YES;
				CLANG_WARN_NON_LITERAL_NULL_CONVERSION = YES;
				CLANG_WARN_OBJC_IMPLICIT_RETAIN_SELF = YES;
				CLANG_WARN_OBJC_LITERAL_CONVERSION = YES;
				CLANG_WARN_OBJC_ROOT_CLASS = YES_ERROR;
				CLANG_WARN_RANGE_LOOP_ANALYSIS = YES;
				CLANG_WARN_STRICT_PROTOTYPES = YES;
				CLANG_WARN_SUSPICIOUS_MOVE = YES;
				CLANG_WARN_UNGUARDED_AVAILABILITY = YES_AGGRESSIVE;
				CLANG_WARN_UNREACHABLE_CODE = YES;
				CLANG_WARN__DUPLICATE_METHOD_MATCH = YES;
				CODE_SIGN_IDENTITY = "iPhone Developer";
				COPY_PHASE_STRIP = NO;
				DEBUG_INFORMATION_FORMAT = dwarf;
				ENABLE_STRICT_OBJC_MSGSEND = YES;
				ENABLE_TESTABILITY = YES;
				GCC_C_LANGUAGE_STANDARD = gnu11;
				GCC_DYNAMIC_NO_PIC = NO;
				GCC_NO_COMMON_BLOCKS = YES;
				GCC_OPTIMIZATION_LEVEL = 0;
				GCC_PREPROCESSOR_DEFINITIONS = (
					"DEBUG=1",
					"$(inherited)",
				);
				GCC_WARN_64_TO_32_BIT_CONVERSION = YES;
				GCC_WARN_ABOUT_RETURN_TYPE = YES_ERROR;
				GCC_WARN_UNDECLARED_SELECTOR = YES;
				GCC_WARN_UNINITIALIZED_AUTOS = YES_AGGRESSIVE;
				GCC_WARN_UNUSED_FUNCTION = YES;
				GCC_WARN_UNUSED_VARIABLE = YES;
				IPHONEOS_DEPLOYMENT_TARGET = 12.2;
				MTL_ENABLE_DEBUG_INFO = INCLUDE_SOURCE;
				MTL_FAST_MATH = YES;
				ONLY_ACTIVE_ARCH = YES;
				SDKROOT = iphoneos;
				SWIFT_ACTIVE_COMPILATION_CONDITIONS = DEBUG;
				SWIFT_OPTIMIZATION_LEVEL = "-Onone";
			};
			name = Debug;
		};
		24BF03D722D56F0500E054F6 /* Release */ = {
			isa = XCBuildConfiguration;
			buildSettings = {
				ALWAYS_SEARCH_USER_PATHS = NO;
				CLANG_ANALYZER_NONNULL = YES;
				CLANG_ANALYZER_NUMBER_OBJECT_CONVERSION = YES_AGGRESSIVE;
				CLANG_CXX_LANGUAGE_STANDARD = "gnu++14";
				CLANG_CXX_LIBRARY = "libc++";
				CLANG_ENABLE_MODULES = YES;
				CLANG_ENABLE_OBJC_ARC = YES;
				CLANG_ENABLE_OBJC_WEAK = YES;
				CLANG_WARN_BLOCK_CAPTURE_AUTORELEASING = YES;
				CLANG_WARN_BOOL_CONVERSION = YES;
				CLANG_WARN_COMMA = YES;
				CLANG_WARN_CONSTANT_CONVERSION = YES;
				CLANG_WARN_DEPRECATED_OBJC_IMPLEMENTATIONS = YES;
				CLANG_WARN_DIRECT_OBJC_ISA_USAGE = YES_ERROR;
				CLANG_WARN_DOCUMENTATION_COMMENTS = YES;
				CLANG_WARN_EMPTY_BODY = YES;
				CLANG_WARN_ENUM_CONVERSION = YES;
				CLANG_WARN_INFINITE_RECURSION = YES;
				CLANG_WARN_INT_CONVERSION = YES;
				CLANG_WARN_NON_LITERAL_NULL_CONVERSION = YES;
				CLANG_WARN_OBJC_IMPLICIT_RETAIN_SELF = YES;
				CLANG_WARN_OBJC_LITERAL_CONVERSION = YES;
				CLANG_WARN_OBJC_ROOT_CLASS = YES_ERROR;
				CLANG_WARN_RANGE_LOOP_ANALYSIS = YES;
				CLANG_WARN_STRICT_PROTOTYPES = YES;
				CLANG_WARN_SUSPICIOUS_MOVE = YES;
				CLANG_WARN_UNGUARDED_AVAILABILITY = YES_AGGRESSIVE;
				CLANG_WARN_UNREACHABLE_CODE = YES;
				CLANG_WARN__DUPLICATE_METHOD_MATCH = YES;
				CODE_SIGN_IDENTITY = "iPhone Developer";
				COPY_PHASE_STRIP = NO;
				DEBUG_INFORMATION_FORMAT = "dwarf-with-dsym";
				ENABLE_NS_ASSERTIONS = NO;
				ENABLE_STRICT_OBJC_MSGSEND = YES;
				GCC_C_LANGUAGE_STANDARD = gnu11;
				GCC_NO_COMMON_BLOCKS = YES;
				GCC_WARN_64_TO_32_BIT_CONVERSION = YES;
				GCC_WARN_ABOUT_RETURN_TYPE = YES_ERROR;
				GCC_WARN_UNDECLARED_SELECTOR = YES;
				GCC_WARN_UNINITIALIZED_AUTOS = YES_AGGRESSIVE;
				GCC_WARN_UNUSED_FUNCTION = YES;
				GCC_WARN_UNUSED_VARIABLE = YES;
				IPHONEOS_DEPLOYMENT_TARGET = 12.2;
				MTL_ENABLE_DEBUG_INFO = NO;
				MTL_FAST_MATH = YES;
				SDKROOT = iphoneos;
				SWIFT_COMPILATION_MODE = wholemodule;
				SWIFT_OPTIMIZATION_LEVEL = "-O";
				VALIDATE_PRODUCT = YES;
			};
			name = Release;
		};
		24BF03D922D56F0500E054F6 /* Debug */ = {
			isa = XCBuildConfiguration;
			buildSettings = {
				ASSETCATALOG_COMPILER_APPICON_NAME = AppIcon;
				CODE_SIGN_STYLE = Automatic;
				DEVELOPMENT_TEAM = 6U8M4ASV96;
				INFOPLIST_FILE = TodoList/Info.plist;
				LD_RUNPATH_SEARCH_PATHS = (
					"$(inherited)",
					"@executable_path/Frameworks",
				);
				PRODUCT_BUNDLE_IDENTIFIER = com.hw.todolist;
				PRODUCT_NAME = "$(TARGET_NAME)";
				SWIFT_VERSION = 5.0;
				TARGETED_DEVICE_FAMILY = "1,2";
			};
			name = Debug;
		};
		24BF03DA22D56F0500E054F6 /* Release */ = {
			isa = XCBuildConfiguration;
			buildSettings = {
				ASSETCATALOG_COMPILER_APPICON_NAME = AppIcon;
				CODE_SIGN_STYLE = Automatic;
				DEVELOPMENT_TEAM = 6U8M4ASV96;
				INFOPLIST_FILE = TodoList/Info.plist;
				LD_RUNPATH_SEARCH_PATHS = (
					"$(inherited)",
					"@executable_path/Frameworks",
				);
				PRODUCT_BUNDLE_IDENTIFIER = com.hw.todolist;
				PRODUCT_NAME = "$(TARGET_NAME)";
				SWIFT_VERSION = 5.0;
				TARGETED_DEVICE_FAMILY = "1,2";
			};
			name = Release;
		};
/* End XCBuildConfiguration section */

/* Begin XCConfigurationList section */
		24BF03C122D56F0400E054F6 /* Build configuration list for PBXProject "TodoList" */ = {
			isa = XCConfigurationList;
			buildConfigurations = (
				24BF03D622D56F0500E054F6 /* Debug */,
				24BF03D722D56F0500E054F6 /* Release */,
			);
			defaultConfigurationIsVisible = 0;
			defaultConfigurationName = Release;
		};
		24BF03D822D56F0500E054F6 /* Build configuration list for PBXNativeTarget "TodoList" */ = {
			isa = XCConfigurationList;
			buildConfigurations = (
				24BF03D922D56F0500E054F6 /* Debug */,
				24BF03DA22D56F0500E054F6 /* Release */,
			);
			defaultConfigurationIsVisible = 0;
			defaultConfigurationName = Release;
		};
/* End XCConfigurationList section */
	};
	rootObject = 24BF03BE22D56F0400E054F6 /* Project object */;
}
